// !$*UTF8*$!
{
	archiveVersion = 1;
	classes = {
	};
	objectVersion = 56;
	objects = {

/* Begin PBXBuildFile section */
		1D877A352BAE31CC0022995B /* AppDelegate.swift in Sources */ = {isa = PBXBuildFile; fileRef = 1D877A342BAE31CC0022995B /* AppDelegate.swift */; };
		1D877A372BAE31CC0022995B /* SceneDelegate.swift in Sources */ = {isa = PBXBuildFile; fileRef = 1D877A362BAE31CC0022995B /* SceneDelegate.swift */; };
		1D877A392BAE31CC0022995B /* MenuViewController.swift in Sources */ = {isa = PBXBuildFile; fileRef = 1D877A382BAE31CC0022995B /* MenuViewController.swift */; };
		1D877A3E2BAE31CF0022995B /* Assets.xcassets in Resources */ = {isa = PBXBuildFile; fileRef = 1D877A3D2BAE31CF0022995B /* Assets.xcassets */; };
		1D877A412BAE31CF0022995B /* LaunchScreen.storyboard in Resources */ = {isa = PBXBuildFile; fileRef = 1D877A3F2BAE31CF0022995B /* LaunchScreen.storyboard */; };
		1D877A4D2BAE34800022995B /* MenuView.swift in Sources */ = {isa = PBXBuildFile; fileRef = 1D877A4C2BAE34800022995B /* MenuView.swift */; };
		1D877A532BAE42C80022995B /* UIView + Extension.swift in Sources */ = {isa = PBXBuildFile; fileRef = 1D877A522BAE42C80022995B /* UIView + Extension.swift */; };
		1D877A562BAE44BA0022995B /* SimulationView.swift in Sources */ = {isa = PBXBuildFile; fileRef = 1D877A552BAE44BA0022995B /* SimulationView.swift */; };
		1D877A582BAE44C60022995B /* SimulationViewController.swift in Sources */ = {isa = PBXBuildFile; fileRef = 1D877A572BAE44C60022995B /* SimulationViewController.swift */; };
		1D877A5B2BAE44E30022995B /* ModulesFactory.swift in Sources */ = {isa = PBXBuildFile; fileRef = 1D877A5A2BAE44E30022995B /* ModulesFactory.swift */; };
		1D877A5D2BAE4FFB0022995B /* SimulationParameters.swift in Sources */ = {isa = PBXBuildFile; fileRef = 1D877A5C2BAE4FFB0022995B /* SimulationParameters.swift */; };
		1D877A5F2BAE554D0022995B /* HumansDataSource.swift in Sources */ = {isa = PBXBuildFile; fileRef = 1D877A5E2BAE554D0022995B /* HumansDataSource.swift */; };
		1D877A612BAE55540022995B /* HumanCell.swift in Sources */ = {isa = PBXBuildFile; fileRef = 1D877A602BAE55540022995B /* HumanCell.swift */; };
		1D877A642BAF95D90022995B /* Human.swift in Sources */ = {isa = PBXBuildFile; fileRef = 1D877A632BAF95D90022995B /* Human.swift */; };
		1D877A662BAF9A910022995B /* IndexPath + Extension.swift in Sources */ = {isa = PBXBuildFile; fileRef = 1D877A652BAF9A910022995B /* IndexPath + Extension.swift */; };
/* End PBXBuildFile section */

/* Begin PBXFileReference section */
		1D877A312BAE31CC0022995B /* InfectionSimulator.app */ = {isa = PBXFileReference; explicitFileType = wrapper.application; includeInIndex = 0; path = InfectionSimulator.app; sourceTree = BUILT_PRODUCTS_DIR; };
		1D877A342BAE31CC0022995B /* AppDelegate.swift */ = {isa = PBXFileReference; lastKnownFileType = sourcecode.swift; path = AppDelegate.swift; sourceTree = "<group>"; };
		1D877A362BAE31CC0022995B /* SceneDelegate.swift */ = {isa = PBXFileReference; lastKnownFileType = sourcecode.swift; path = SceneDelegate.swift; sourceTree = "<group>"; };
		1D877A382BAE31CC0022995B /* MenuViewController.swift */ = {isa = PBXFileReference; lastKnownFileType = sourcecode.swift; path = MenuViewController.swift; sourceTree = "<group>"; };
		1D877A3D2BAE31CF0022995B /* Assets.xcassets */ = {isa = PBXFileReference; lastKnownFileType = folder.assetcatalog; path = Assets.xcassets; sourceTree = "<group>"; };
		1D877A402BAE31CF0022995B /* Base */ = {isa = PBXFileReference; lastKnownFileType = file.storyboard; name = Base; path = Base.lproj/LaunchScreen.storyboard; sourceTree = "<group>"; };
		1D877A422BAE31CF0022995B /* Info.plist */ = {isa = PBXFileReference; lastKnownFileType = text.plist.xml; path = Info.plist; sourceTree = "<group>"; };
		1D877A4C2BAE34800022995B /* MenuView.swift */ = {isa = PBXFileReference; lastKnownFileType = sourcecode.swift; path = MenuView.swift; sourceTree = "<group>"; };
		1D877A522BAE42C80022995B /* UIView + Extension.swift */ = {isa = PBXFileReference; lastKnownFileType = sourcecode.swift; path = "UIView + Extension.swift"; sourceTree = "<group>"; };
		1D877A552BAE44BA0022995B /* SimulationView.swift */ = {isa = PBXFileReference; lastKnownFileType = sourcecode.swift; path = SimulationView.swift; sourceTree = "<group>"; };
		1D877A572BAE44C60022995B /* SimulationViewController.swift */ = {isa = PBXFileReference; lastKnownFileType = sourcecode.swift; path = SimulationViewController.swift; sourceTree = "<group>"; };
		1D877A5A2BAE44E30022995B /* ModulesFactory.swift */ = {isa = PBXFileReference; lastKnownFileType = sourcecode.swift; path = ModulesFactory.swift; sourceTree = "<group>"; };
		1D877A5C2BAE4FFB0022995B /* SimulationParameters.swift */ = {isa = PBXFileReference; lastKnownFileType = sourcecode.swift; path = SimulationParameters.swift; sourceTree = "<group>"; };
		1D877A5E2BAE554D0022995B /* HumansDataSource.swift */ = {isa = PBXFileReference; lastKnownFileType = sourcecode.swift; path = HumansDataSource.swift; sourceTree = "<group>"; };
		1D877A602BAE55540022995B /* HumanCell.swift */ = {isa = PBXFileReference; lastKnownFileType = sourcecode.swift; path = HumanCell.swift; sourceTree = "<group>"; };
		1D877A632BAF95D90022995B /* Human.swift */ = {isa = PBXFileReference; lastKnownFileType = sourcecode.swift; path = Human.swift; sourceTree = "<group>"; };
		1D877A652BAF9A910022995B /* IndexPath + Extension.swift */ = {isa = PBXFileReference; lastKnownFileType = sourcecode.swift; path = "IndexPath + Extension.swift"; sourceTree = "<group>"; };
/* End PBXFileReference section */

/* Begin PBXFrameworksBuildPhase section */
		1D877A2E2BAE31CC0022995B /* Frameworks */ = {
			isa = PBXFrameworksBuildPhase;
			buildActionMask = 2147483647;
			files = (
			);
			runOnlyForDeploymentPostprocessing = 0;
		};
/* End PBXFrameworksBuildPhase section */

/* Begin PBXGroup section */
		1D877A282BAE31CC0022995B = {
			isa = PBXGroup;
			children = (
				1D877A332BAE31CC0022995B /* InfectionSimulator */,
				1D877A322BAE31CC0022995B /* Products */,
			);
			sourceTree = "<group>";
		};
		1D877A322BAE31CC0022995B /* Products */ = {
			isa = PBXGroup;
			children = (
				1D877A312BAE31CC0022995B /* InfectionSimulator.app */,
			);
			name = Products;
			sourceTree = "<group>";
		};
		1D877A332BAE31CC0022995B /* InfectionSimulator */ = {
			isa = PBXGroup;
			children = (
				1D877A482BAE32220022995B /* App */,
				1D877A592BAE44D50022995B /* AppBasic */,
				1D877A4B2BAE324F0022995B /* Modules */,
				1D877A512BAE42B40022995B /* Helpers */,
				1D877A492BAE322D0022995B /* Resources */,
			);
			path = InfectionSimulator;
			sourceTree = "<group>";
		};
		1D877A482BAE32220022995B /* App */ = {
			isa = PBXGroup;
			children = (
				1D877A342BAE31CC0022995B /* AppDelegate.swift */,
				1D877A362BAE31CC0022995B /* SceneDelegate.swift */,
			);
			path = App;
			sourceTree = "<group>";
		};
		1D877A492BAE322D0022995B /* Resources */ = {
			isa = PBXGroup;
			children = (
				1D877A3D2BAE31CF0022995B /* Assets.xcassets */,
				1D877A3F2BAE31CF0022995B /* LaunchScreen.storyboard */,
				1D877A422BAE31CF0022995B /* Info.plist */,
			);
			path = Resources;
			sourceTree = "<group>";
		};
		1D877A4A2BAE32420022995B /* Menu */ = {
			isa = PBXGroup;
			children = (
				1D877A4C2BAE34800022995B /* MenuView.swift */,
				1D877A382BAE31CC0022995B /* MenuViewController.swift */,
			);
			path = Menu;
			sourceTree = "<group>";
		};
		1D877A4B2BAE324F0022995B /* Modules */ = {
			isa = PBXGroup;
			children = (
				1D877A4A2BAE32420022995B /* Menu */,
				1D877A502BAE3BB50022995B /* Simulation */,
			);
			path = Modules;
			sourceTree = "<group>";
		};
		1D877A4E2BAE3B980022995B /* DataSource */ = {
			isa = PBXGroup;
			children = (
				1D877A5E2BAE554D0022995B /* HumansDataSource.swift */,
			);
			path = DataSource;
			sourceTree = "<group>";
		};
		1D877A4F2BAE3BA10022995B /* Cell */ = {
			isa = PBXGroup;
			children = (
				1D877A602BAE55540022995B /* HumanCell.swift */,
			);
			path = Cell;
			sourceTree = "<group>";
		};
		1D877A502BAE3BB50022995B /* Simulation */ = {
			isa = PBXGroup;
			children = (
				1D877A552BAE44BA0022995B /* SimulationView.swift */,
				1D877A572BAE44C60022995B /* SimulationViewController.swift */,
				1D877A4E2BAE3B980022995B /* DataSource */,
				1D877A4F2BAE3BA10022995B /* Cell */,
			);
			path = Simulation;
			sourceTree = "<group>";
		};
		1D877A512BAE42B40022995B /* Helpers */ = {
			isa = PBXGroup;
			children = (
				1D877A632BAF95D90022995B /* Human.swift */,
				1D877A5C2BAE4FFB0022995B /* SimulationParameters.swift */,
				1D877A652BAF9A910022995B /* IndexPath + Extension.swift */,
				1D877A542BAE436C0022995B /* UI */,
			);
			path = Helpers;
			sourceTree = "<group>";
		};
		1D877A542BAE436C0022995B /* UI */ = {
			isa = PBXGroup;
			children = (
				1D877A522BAE42C80022995B /* UIView + Extension.swift */,
			);
			path = UI;
			sourceTree = "<group>";
		};
		1D877A592BAE44D50022995B /* AppBasic */ = {
			isa = PBXGroup;
			children = (
				1D877A5A2BAE44E30022995B /* ModulesFactory.swift */,
			);
			path = AppBasic;
			sourceTree = "<group>";
		};
/* End PBXGroup section */

/* Begin PBXNativeTarget section */
		1D877A302BAE31CC0022995B /* InfectionSimulator */ = {
			isa = PBXNativeTarget;
			buildConfigurationList = 1D877A452BAE31CF0022995B /* Build configuration list for PBXNativeTarget "InfectionSimulator" */;
			buildPhases = (
				1D877A2D2BAE31CC0022995B /* Sources */,
				1D877A2E2BAE31CC0022995B /* Frameworks */,
				1D877A2F2BAE31CC0022995B /* Resources */,
			);
			buildRules = (
			);
			dependencies = (
			);
			name = InfectionSimulator;
			productName = InfectionSimulator;
			productReference = 1D877A312BAE31CC0022995B /* InfectionSimulator.app */;
			productType = "com.apple.product-type.application";
		};
/* End PBXNativeTarget section */

/* Begin PBXProject section */
		1D877A292BAE31CC0022995B /* Project object */ = {
			isa = PBXProject;
			attributes = {
				BuildIndependentTargetsInParallel = 1;
				LastSwiftUpdateCheck = 1500;
				LastUpgradeCheck = 1500;
				TargetAttributes = {
					1D877A302BAE31CC0022995B = {
						CreatedOnToolsVersion = 15.0.1;
					};
				};
			};
			buildConfigurationList = 1D877A2C2BAE31CC0022995B /* Build configuration list for PBXProject "InfectionSimulator" */;
			compatibilityVersion = "Xcode 14.0";
			developmentRegion = en;
			hasScannedForEncodings = 0;
			knownRegions = (
				en,
				Base,
			);
			mainGroup = 1D877A282BAE31CC0022995B;
			productRefGroup = 1D877A322BAE31CC0022995B /* Products */;
			projectDirPath = "";
			projectRoot = "";
			targets = (
				1D877A302BAE31CC0022995B /* InfectionSimulator */,
			);
		};
/* End PBXProject section */

/* Begin PBXResourcesBuildPhase section */
		1D877A2F2BAE31CC0022995B /* Resources */ = {
			isa = PBXResourcesBuildPhase;
			buildActionMask = 2147483647;
			files = (
				1D877A412BAE31CF0022995B /* LaunchScreen.storyboard in Resources */,
				1D877A3E2BAE31CF0022995B /* Assets.xcassets in Resources */,
			);
			runOnlyForDeploymentPostprocessing = 0;
		};
/* End PBXResourcesBuildPhase section */

/* Begin PBXSourcesBuildPhase section */
		1D877A2D2BAE31CC0022995B /* Sources */ = {
			isa = PBXSourcesBuildPhase;
			buildActionMask = 2147483647;
			files = (
				1D877A5B2BAE44E30022995B /* ModulesFactory.swift in Sources */,
				1D877A392BAE31CC0022995B /* MenuViewController.swift in Sources */,
				1D877A4D2BAE34800022995B /* MenuView.swift in Sources */,
				1D877A5D2BAE4FFB0022995B /* SimulationParameters.swift in Sources */,
				1D877A352BAE31CC0022995B /* AppDelegate.swift in Sources */,
				1D877A562BAE44BA0022995B /* SimulationView.swift in Sources */,
				1D877A662BAF9A910022995B /* IndexPath + Extension.swift in Sources */,
				1D877A582BAE44C60022995B /* SimulationViewController.swift in Sources */,
				1D877A642BAF95D90022995B /* Human.swift in Sources */,
				1D877A5F2BAE554D0022995B /* HumansDataSource.swift in Sources */,
				1D877A532BAE42C80022995B /* UIView + Extension.swift in Sources */,
				1D877A612BAE55540022995B /* HumanCell.swift in Sources */,
				1D877A372BAE31CC0022995B /* SceneDelegate.swift in Sources */,
			);
			runOnlyForDeploymentPostprocessing = 0;
		};
/* End PBXSourcesBuildPhase section */

/* Begin PBXVariantGroup section */
		1D877A3F2BAE31CF0022995B /* LaunchScreen.storyboard */ = {
			isa = PBXVariantGroup;
			children = (
				1D877A402BAE31CF0022995B /* Base */,
			);
			name = LaunchScreen.storyboard;
			sourceTree = "<group>";
		};
/* End PBXVariantGroup section */

/* Begin XCBuildConfiguration section */
		1D877A432BAE31CF0022995B /* Debug */ = {
			isa = XCBuildConfiguration;
			buildSettings = {
				ALWAYS_SEARCH_USER_PATHS = NO;
				ASSETCATALOG_COMPILER_GENERATE_SWIFT_ASSET_SYMBOL_EXTENSIONS = YES;
				CLANG_ANALYZER_NONNULL = YES;
				CLANG_ANALYZER_NUMBER_OBJECT_CONVERSION = YES_AGGRESSIVE;
				CLANG_CXX_LANGUAGE_STANDARD = "gnu++20";
				CLANG_ENABLE_MODULES = YES;
				CLANG_ENABLE_OBJC_ARC = YES;
				CLANG_ENABLE_OBJC_WEAK = YES;
				CLANG_WARN_BLOCK_CAPTURE_AUTORELEASING = YES;
				CLANG_WARN_BOOL_CONVERSION = YES;
				CLANG_WARN_COMMA = YES;
				CLANG_WARN_CONSTANT_CONVERSION = YES;
				CLANG_WARN_DEPRECATED_OBJC_IMPLEMENTATIONS = YES;
				CLANG_WARN_DIRECT_OBJC_ISA_USAGE = YES_ERROR;
				CLANG_WARN_DOCUMENTATION_COMMENTS = YES;
				CLANG_WARN_EMPTY_BODY = YES;
				CLANG_WARN_ENUM_CONVERSION = YES;
				CLANG_WARN_INFINITE_RECURSION = YES;
				CLANG_WARN_INT_CONVERSION = YES;
				CLANG_WARN_NON_LITERAL_NULL_CONVERSION = YES;
				CLANG_WARN_OBJC_IMPLICIT_RETAIN_SELF = YES;
				CLANG_WARN_OBJC_LITERAL_CONVERSION = YES;
				CLANG_WARN_OBJC_ROOT_CLASS = YES_ERROR;
				CLANG_WARN_QUOTED_INCLUDE_IN_FRAMEWORK_HEADER = YES;
				CLANG_WARN_RANGE_LOOP_ANALYSIS = YES;
				CLANG_WARN_STRICT_PROTOTYPES = YES;
				CLANG_WARN_SUSPICIOUS_MOVE = YES;
				CLANG_WARN_UNGUARDED_AVAILABILITY = YES_AGGRESSIVE;
				CLANG_WARN_UNREACHABLE_CODE = YES;
				CLANG_WARN__DUPLICATE_METHOD_MATCH = YES;
				COPY_PHASE_STRIP = NO;
				DEBUG_INFORMATION_FORMAT = dwarf;
				ENABLE_STRICT_OBJC_MSGSEND = YES;
				ENABLE_TESTABILITY = YES;
				ENABLE_USER_SCRIPT_SANDBOXING = YES;
				GCC_C_LANGUAGE_STANDARD = gnu17;
				GCC_DYNAMIC_NO_PIC = NO;
				GCC_NO_COMMON_BLOCKS = YES;
				GCC_OPTIMIZATION_LEVEL = 0;
				GCC_PREPROCESSOR_DEFINITIONS = (
					"DEBUG=1",
					"$(inherited)",
				);
				GCC_WARN_64_TO_32_BIT_CONVERSION = YES;
				GCC_WARN_ABOUT_RETURN_TYPE = YES_ERROR;
				GCC_WARN_UNDECLARED_SELECTOR = YES;
				GCC_WARN_UNINITIALIZED_AUTOS = YES_AGGRESSIVE;
				GCC_WARN_UNUSED_FUNCTION = YES;
				GCC_WARN_UNUSED_VARIABLE = YES;
				IPHONEOS_DEPLOYMENT_TARGET = 15.0;
				LOCALIZATION_PREFERS_STRING_CATALOGS = YES;
				MTL_ENABLE_DEBUG_INFO = INCLUDE_SOURCE;
				MTL_FAST_MATH = YES;
				ONLY_ACTIVE_ARCH = YES;
				SDKROOT = iphoneos;
				SWIFT_ACTIVE_COMPILATION_CONDITIONS = "DEBUG $(inherited)";
				SWIFT_OPTIMIZATION_LEVEL = "-Onone";
			};
			name = Debug;
		};
		1D877A442BAE31CF0022995B /* Release */ = {
			isa = XCBuildConfiguration;
			buildSettings = {
				ALWAYS_SEARCH_USER_PATHS = NO;
				ASSETCATALOG_COMPILER_GENERATE_SWIFT_ASSET_SYMBOL_EXTENSIONS = YES;
				CLANG_ANALYZER_NONNULL = YES;
				CLANG_ANALYZER_NUMBER_OBJECT_CONVERSION = YES_AGGRESSIVE;
				CLANG_CXX_LANGUAGE_STANDARD = "gnu++20";
				CLANG_ENABLE_MODULES = YES;
				CLANG_ENABLE_OBJC_ARC = YES;
				CLANG_ENABLE_OBJC_WEAK = YES;
				CLANG_WARN_BLOCK_CAPTURE_AUTORELEASING = YES;
				CLANG_WARN_BOOL_CONVERSION = YES;
				CLANG_WARN_COMMA = YES;
				CLANG_WARN_CONSTANT_CONVERSION = YES;
				CLANG_WARN_DEPRECATED_OBJC_IMPLEMENTATIONS = YES;
				CLANG_WARN_DIRECT_OBJC_ISA_USAGE = YES_ERROR;
				CLANG_WARN_DOCUMENTATION_COMMENTS = YES;
				CLANG_WARN_EMPTY_BODY = YES;
				CLANG_WARN_ENUM_CONVERSION = YES;
				CLANG_WARN_INFINITE_RECURSION = YES;
				CLANG_WARN_INT_CONVERSION = YES;
				CLANG_WARN_NON_LITERAL_NULL_CONVERSION = YES;
				CLANG_WARN_OBJC_IMPLICIT_RETAIN_SELF = YES;
				CLANG_WARN_OBJC_LITERAL_CONVERSION = YES;
				CLANG_WARN_OBJC_ROOT_CLASS = YES_ERROR;
				CLANG_WARN_QUOTED_INCLUDE_IN_FRAMEWORK_HEADER = YES;
				CLANG_WARN_RANGE_LOOP_ANALYSIS = YES;
				CLANG_WARN_STRICT_PROTOTYPES = YES;
				CLANG_WARN_SUSPICIOUS_MOVE = YES;
				CLANG_WARN_UNGUARDED_AVAILABILITY = YES_AGGRESSIVE;
				CLANG_WARN_UNREACHABLE_CODE = YES;
				CLANG_WARN__DUPLICATE_METHOD_MATCH = YES;
				COPY_PHASE_STRIP = NO;
				DEBUG_INFORMATION_FORMAT = "dwarf-with-dsym";
				ENABLE_NS_ASSERTIONS = NO;
				ENABLE_STRICT_OBJC_MSGSEND = YES;
				ENABLE_USER_SCRIPT_SANDBOXING = YES;
				GCC_C_LANGUAGE_STANDARD = gnu17;
				GCC_NO_COMMON_BLOCKS = YES;
				GCC_WARN_64_TO_32_BIT_CONVERSION = YES;
				GCC_WARN_ABOUT_RETURN_TYPE = YES_ERROR;
				GCC_WARN_UNDECLARED_SELECTOR = YES;
				GCC_WARN_UNINITIALIZED_AUTOS = YES_AGGRESSIVE;
				GCC_WARN_UNUSED_FUNCTION = YES;
				GCC_WARN_UNUSED_VARIABLE = YES;
				IPHONEOS_DEPLOYMENT_TARGET = 15.0;
				LOCALIZATION_PREFERS_STRING_CATALOGS = YES;
				MTL_ENABLE_DEBUG_INFO = NO;
				MTL_FAST_MATH = YES;
				SDKROOT = iphoneos;
				SWIFT_COMPILATION_MODE = wholemodule;
				VALIDATE_PRODUCT = YES;
			};
			name = Release;
		};
		1D877A462BAE31CF0022995B /* Debug */ = {
			isa = XCBuildConfiguration;
			buildSettings = {
				ASSETCATALOG_COMPILER_APPICON_NAME = AppIcon;
				ASSETCATALOG_COMPILER_GLOBAL_ACCENT_COLOR_NAME = AccentColor;
				CODE_SIGN_STYLE = Automatic;
				CURRENT_PROJECT_VERSION = 1;
				DEVELOPMENT_TEAM = CCJ53Q5CP4;
				GENERATE_INFOPLIST_FILE = YES;
				INFOPLIST_FILE = InfectionSimulator/Resources/Info.plist;
				INFOPLIST_KEY_CFBundleDisplayName = "Infection Simulator";
				INFOPLIST_KEY_UIApplicationSupportsIndirectInputEvents = YES;
				INFOPLIST_KEY_UILaunchStoryboardName = LaunchScreen;
				INFOPLIST_KEY_UISupportedInterfaceOrientations = UIInterfaceOrientationPortrait;
				INFOPLIST_KEY_UISupportedInterfaceOrientations_iPad = "UIInterfaceOrientationLandscapeLeft UIInterfaceOrientationLandscapeRight UIInterfaceOrientationPortrait UIInterfaceOrientationPortraitUpsideDown";
				LD_RUNPATH_SEARCH_PATHS = (
					"$(inherited)",
					"@executable_path/Frameworks",
				);
				MARKETING_VERSION = 1.0;
				PRODUCT_BUNDLE_IDENTIFIER = ru.h3artgg.InfectionSimulator;
				PRODUCT_NAME = "$(TARGET_NAME)";
				SUPPORTED_PLATFORMS = "iphoneos iphonesimulator";
				SUPPORTS_MACCATALYST = NO;
				SUPPORTS_MAC_DESIGNED_FOR_IPHONE_IPAD = NO;
				SWIFT_EMIT_LOC_STRINGS = YES;
				SWIFT_VERSION = 5.0;
				TARGETED_DEVICE_FAMILY = 1;
			};
			name = Debug;
		};
		1D877A472BAE31CF0022995B /* Release */ = {
			isa = XCBuildConfiguration;
			buildSettings = {
				ASSETCATALOG_COMPILER_APPICON_NAME = AppIcon;
				ASSETCATALOG_COMPILER_GLOBAL_ACCENT_COLOR_NAME = AccentColor;
				CODE_SIGN_STYLE = Automatic;
				CURRENT_PROJECT_VERSION = 1;
				DEVELOPMENT_TEAM = CCJ53Q5CP4;
				GENERATE_INFOPLIST_FILE = YES;
				INFOPLIST_FILE = InfectionSimulator/Resources/Info.plist;
				INFOPLIST_KEY_CFBundleDisplayName = "Infection Simulator";
				INFOPLIST_KEY_UIApplicationSupportsIndirectInputEvents = YES;
				INFOPLIST_KEY_UILaunchStoryboardName = LaunchScreen;
				INFOPLIST_KEY_UISupportedInterfaceOrientations = UIInterfaceOrientationPortrait;
				INFOPLIST_KEY_UISupportedInterfaceOrientations_iPad = "UIInterfaceOrientationLandscapeLeft UIInterfaceOrientationLandscapeRight UIInterfaceOrientationPortrait UIInterfaceOrientationPortraitUpsideDown";
				LD_RUNPATH_SEARCH_PATHS = (
					"$(inherited)",
					"@executable_path/Frameworks",
				);
				MARKETING_VERSION = 1.0;
				PRODUCT_BUNDLE_IDENTIFIER = ru.h3artgg.InfectionSimulator;
				PRODUCT_NAME = "$(TARGET_NAME)";
				SUPPORTED_PLATFORMS = "iphoneos iphonesimulator";
				SUPPORTS_MACCATALYST = NO;
				SUPPORTS_MAC_DESIGNED_FOR_IPHONE_IPAD = NO;
				SWIFT_EMIT_LOC_STRINGS = YES;
				SWIFT_VERSION = 5.0;
				TARGETED_DEVICE_FAMILY = 1;
			};
			name = Release;
		};
/* End XCBuildConfiguration section */

/* Begin XCConfigurationList section */
		1D877A2C2BAE31CC0022995B /* Build configuration list for PBXProject "InfectionSimulator" */ = {
			isa = XCConfigurationList;
			buildConfigurations = (
				1D877A432BAE31CF0022995B /* Debug */,
				1D877A442BAE31CF0022995B /* Release */,
			);
			defaultConfigurationIsVisible = 0;
			defaultConfigurationName = Release;
		};
		1D877A452BAE31CF0022995B /* Build configuration list for PBXNativeTarget "InfectionSimulator" */ = {
			isa = XCConfigurationList;
			buildConfigurations = (
				1D877A462BAE31CF0022995B /* Debug */,
				1D877A472BAE31CF0022995B /* Release */,
			);
			defaultConfigurationIsVisible = 0;
			defaultConfigurationName = Release;
		};
/* End XCConfigurationList section */
	};
	rootObject = 1D877A292BAE31CC0022995B /* Project object */;
}
